
Microsoft Visual Studio Solution File, Format Version 12.00
# Visual Studio 15
VisualStudioVersion = 15.0.28010.2048
MinimumVisualStudioVersion = 10.0.40219.1
Project("{9A19103F-16F7-4668-BE54-9A1E7A4F7556}") = "FinanceConsoleApp", "FinanceConsoleApp\FinanceConsoleApp.csproj", "{58287FBD-8A00-4E5F-8FC2-C57650C7F7E3}"
EndProject
Project("{9A19103F-16F7-4668-BE54-9A1E7A4F7556}") = "FinnhubAPI", "FinnhubAPI\FinnhubAPI.csproj", "{D4B769C3-A935-4DF2-9AB1-70167D3475FB}"
EndProject
Project("{9A19103F-16F7-4668-BE54-9A1E7A4F7556}") = "FinnhubAPI.Tests", "FinnhubAPI.Tests\FinnhubAPI.Tests.csproj", "{6DD779DE-6CD0-4866-B544-845FBB55C3F5}"
EndProject
Global
	GlobalSection(SolutionConfigurationPlatforms) = preSolution
		Debug|Any CPU = Debug|Any CPU
		Release|Any CPU = Release|Any CPU
	EndGlobalSection
	GlobalSection(ProjectConfigurationPlatforms) = postSolution
		{58287FBD-8A00-4E5F-8FC2-C57650C7F7E3}.Debug|Any CPU.ActiveCfg = Debug|Any CPU
		{58287FBD-8A00-4E5F-8FC2-C57650C7F7E3}.Debug|Any CPU.Build.0 = Debug|Any CPU
		{58287FBD-8A00-4E5F-8FC2-C57650C7F7E3}.Release|Any CPU.ActiveCfg = Release|Any CPU
		{58287FBD-8A00-4E5F-8FC2-C57650C7F7E3}.Release|Any CPU.Build.0 = Release|Any CPU
		{D4B769C3-A935-4DF2-9AB1-70167D3475FB}.Debug|Any CPU.ActiveCfg = Debug|Any CPU
		{D4B769C3-A935-4DF2-9AB1-70167D3475FB}.Debug|Any CPU.Build.0 = Debug|Any CPU
		{D4B769C3-A935-4DF2-9AB1-70167D3475FB}.Release|Any CPU.ActiveCfg = Release|Any CPU
		{D4B769C3-A935-4DF2-9AB1-70167D3475FB}.Release|Any CPU.Build.0 = Release|Any CPU
		{6DD779DE-6CD0-4866-B544-845FBB55C3F5}.Debug|Any CPU.ActiveCfg = Debug|Any CPU
		{6DD779DE-6CD0-4866-B544-845FBB55C3F5}.Debug|Any CPU.Build.0 = Debug|Any CPU
		{6DD779DE-6CD0-4866-B544-845FBB55C3F5}.Release|Any CPU.ActiveCfg = Release|Any CPU
		{6DD779DE-6CD0-4866-B544-845FBB55C3F5}.Release|Any CPU.Build.0 = Release|Any CPU
	EndGlobalSection
	GlobalSection(SolutionProperties) = preSolution
		HideSolutionNode = FALSE
	EndGlobalSection
	GlobalSection(ExtensibilityGlobals) = postSolution
		SolutionGuid = {9C857806-98EB-428D-972E-01D4AB09C76F}
	EndGlobalSection
EndGlobal
